
Microsoft Visual Studio Solution File, Format Version 12.00
# Visual Studio Version 17
VisualStudioVersion = 17.11.35327.3
MinimumVisualStudioVersion = 10.0.40219.1
Project("{FAE04EC0-301F-11D3-BF4B-00C04F79EFBC}") = "CuatroEnLinea", "CuatroEnLinea\CuatroEnLinea.csproj", "{63D9C155-BC2A-4095-84A8-7E169C0DA91B}"
EndProject
Global
	GlobalSection(SolutionConfigurationPlatforms) = preSolution
		Debug|Any CPU = Debug|Any CPU
		Release|Any CPU = Release|Any CPU
	EndGlobalSection
	GlobalSection(ProjectConfigurationPlatforms) = postSolution
		{63D9C155-BC2A-4095-84A8-7E169C0DA91B}.Debug|Any CPU.ActiveCfg = Debug|Any CPU
		{63D9C155-BC2A-4095-84A8-7E169C0DA91B}.Debug|Any CPU.Build.0 = Debug|Any CPU
		{63D9C155-BC2A-4095-84A8-7E169C0DA91B}.Release|Any CPU.ActiveCfg = Release|Any CPU
		{63D9C155-BC2A-4095-84A8-7E169C0DA91B}.Release|Any CPU.Build.0 = Release|Any CPU
	EndGlobalSection
	GlobalSection(SolutionProperties) = preSolution
		HideSolutionNode = FALSE
	EndGlobalSection
	GlobalSection(ExtensibilityGlobals) = postSolution
		SolutionGuid = {428535AF-9795-4DC6-B2F2-C8C6A2987558}
	EndGlobalSection
EndGlobal
